// !$*UTF8*$!
{
	archiveVersion = 1;
	classes = {
	};
	objectVersion = 46;
	objects = {

/* Begin PBXBuildFile section */
		5E18C4FB1A8D0D9E00FABA56 /* main.c in Sources */ = {isa = PBXBuildFile; fileRef = 5E18C4FA1A8D0D9E00FABA56 /* main.c */; };
		5E18C50C1A8D11D400FABA56 /* passivegrab_plugin.c in Sources */ = {isa = PBXBuildFile; fileRef = 5E18C50A1A8D11D400FABA56 /* passivegrab_plugin.c */; };
		5E18C50F1A8D11F100FABA56 /* passivegrab_dbutils.c in Sources */ = {isa = PBXBuildFile; fileRef = 5E18C50D1A8D11F100FABA56 /* passivegrab_dbutils.c */; };
		5E18C5121A8D127A00FABA56 /* passivegrab_parseargs.c in Sources */ = {isa = PBXBuildFile; fileRef = 5E18C5101A8D127A00FABA56 /* passivegrab_parseargs.c */; };
		5E5AEDAE1B23DE13001F084D /* tesla_netutils.c in Sources */ = {isa = PBXBuildFile; fileRef = 5E5AEDA71B23DE13001F084D /* tesla_netutils.c */; };
		5E5AEDAF1B23DE13001F084D /* tesla_tcpsock.c in Sources */ = {isa = PBXBuildFile; fileRef = 5E5AEDA91B23DE13001F084D /* tesla_tcpsock.c */; };
		5E5AEDB01B23DE13001F084D /* tesla_udpsock.c in Sources */ = {isa = PBXBuildFile; fileRef = 5E5AEDAB1B23DE13001F084D /* tesla_udpsock.c */; };
		5E802D1F1B025E92005063AA /* passivegrab_dirutil.c in Sources */ = {isa = PBXBuildFile; fileRef = 5E802D1D1B025E92005063AA /* passivegrab_dirutil.c */; };
		5E802D221B025EBC005063AA /* strutil.c in Sources */ = {isa = PBXBuildFile; fileRef = 5E802D201B025EBC005063AA /* strutil.c */; };
		5E802D3E1B06D936005063AA /* passivegrab_queue.c in Sources */ = {isa = PBXBuildFile; fileRef = 5E802D3C1B06D936005063AA /* passivegrab_queue.c */; };
		5E8F5DE91A9267DB003F969B /* passivegrab_scanengine.c in Sources */ = {isa = PBXBuildFile; fileRef = 5E8F5DE71A9267DB003F969B /* passivegrab_scanengine.c */; };
		5E9295CC1B0907D60049E7D8 /* passivegrab_task.c in Sources */ = {isa = PBXBuildFile; fileRef = 5E9295CA1B0907D60049E7D8 /* passivegrab_task.c */; };
		5E9295E21B0AB6410049E7D8 /* passivegrab_scantarget.c in Sources */ = {isa = PBXBuildFile; fileRef = 5E9295E01B0AB6410049E7D8 /* passivegrab_scantarget.c */; };
/* End PBXBuildFile section */

/* Begin PBXCopyFilesBuildPhase section */
		5E18C4F51A8D0D9E00FABA56 /* CopyFiles */ = {
			isa = PBXCopyFilesBuildPhase;
			buildActionMask = 2147483647;
			dstPath = /usr/share/man/man1/;
			dstSubfolderSpec = 0;
			files = (
			);
			runOnlyForDeploymentPostprocessing = 1;
		};
/* End PBXCopyFilesBuildPhase section */

/* Begin PBXFileReference section */
		5E18C4F71A8D0D9E00FABA56 /* passivegrab */ = {isa = PBXFileReference; explicitFileType = "compiled.mach-o.executable"; includeInIndex = 0; path = passivegrab; sourceTree = BUILT_PRODUCTS_DIR; };
		5E18C4FA1A8D0D9E00FABA56 /* main.c */ = {isa = PBXFileReference; lastKnownFileType = sourcecode.c.c; path = main.c; sourceTree = "<group>"; };
		5E18C50A1A8D11D400FABA56 /* passivegrab_plugin.c */ = {isa = PBXFileReference; fileEncoding = 4; lastKnownFileType = sourcecode.c.c; path = passivegrab_plugin.c; sourceTree = "<group>"; };
		5E18C50B1A8D11D400FABA56 /* passivegrab_plugin.h */ = {isa = PBXFileReference; fileEncoding = 4; lastKnownFileType = sourcecode.c.h; path = passivegrab_plugin.h; sourceTree = "<group>"; };
		5E18C50D1A8D11F100FABA56 /* passivegrab_dbutils.c */ = {isa = PBXFileReference; fileEncoding = 4; lastKnownFileType = sourcecode.c.c; path = passivegrab_dbutils.c; sourceTree = "<group>"; };
		5E18C50E1A8D11F100FABA56 /* passivegrab_dbutils.h */ = {isa = PBXFileReference; fileEncoding = 4; lastKnownFileType = sourcecode.c.h; path = passivegrab_dbutils.h; sourceTree = "<group>"; };
		5E18C5101A8D127A00FABA56 /* passivegrab_parseargs.c */ = {isa = PBXFileReference; fileEncoding = 4; lastKnownFileType = sourcecode.c.c; path = passivegrab_parseargs.c; sourceTree = "<group>"; };
		5E18C5111A8D127A00FABA56 /* passivegrab_parseargs.h */ = {isa = PBXFileReference; fileEncoding = 4; lastKnownFileType = sourcecode.c.h; path = passivegrab_parseargs.h; sourceTree = "<group>"; };
		5E5AEDA71B23DE13001F084D /* tesla_netutils.c */ = {isa = PBXFileReference; fileEncoding = 4; lastKnownFileType = sourcecode.c.c; path = tesla_netutils.c; sourceTree = "<group>"; };
		5E5AEDA81B23DE13001F084D /* tesla_netutils.h */ = {isa = PBXFileReference; fileEncoding = 4; lastKnownFileType = sourcecode.c.h; path = tesla_netutils.h; sourceTree = "<group>"; };
		5E5AEDA91B23DE13001F084D /* tesla_tcpsock.c */ = {isa = PBXFileReference; fileEncoding = 4; lastKnownFileType = sourcecode.c.c; path = tesla_tcpsock.c; sourceTree = "<group>"; };
		5E5AEDAA1B23DE13001F084D /* tesla_tcpsock.h */ = {isa = PBXFileReference; fileEncoding = 4; lastKnownFileType = sourcecode.c.h; path = tesla_tcpsock.h; sourceTree = "<group>"; };
		5E5AEDAB1B23DE13001F084D /* tesla_udpsock.c */ = {isa = PBXFileReference; fileEncoding = 4; lastKnownFileType = sourcecode.c.c; path = tesla_udpsock.c; sourceTree = "<group>"; };
		5E5AEDAC1B23DE13001F084D /* tesla_udpsock.h */ = {isa = PBXFileReference; fileEncoding = 4; lastKnownFileType = sourcecode.c.h; path = tesla_udpsock.h; sourceTree = "<group>"; };
		5E802D1D1B025E92005063AA /* passivegrab_dirutil.c */ = {isa = PBXFileReference; fileEncoding = 4; lastKnownFileType = sourcecode.c.c; path = passivegrab_dirutil.c; sourceTree = "<group>"; };
		5E802D1E1B025E92005063AA /* passivegrab_dirutil.h */ = {isa = PBXFileReference; fileEncoding = 4; lastKnownFileType = sourcecode.c.h; path = passivegrab_dirutil.h; sourceTree = "<group>"; };
		5E802D201B025EBC005063AA /* strutil.c */ = {isa = PBXFileReference; fileEncoding = 4; lastKnownFileType = sourcecode.c.c; path = strutil.c; sourceTree = "<group>"; };
		5E802D211B025EBC005063AA /* strutil.h */ = {isa = PBXFileReference; fileEncoding = 4; lastKnownFileType = sourcecode.c.h; path = strutil.h; sourceTree = "<group>"; };
		5E802D3C1B06D936005063AA /* passivegrab_queue.c */ = {isa = PBXFileReference; fileEncoding = 4; lastKnownFileType = sourcecode.c.c; path = passivegrab_queue.c; sourceTree = "<group>"; };
		5E802D3D1B06D936005063AA /* passivegrab_queue.h */ = {isa = PBXFileReference; fileEncoding = 4; lastKnownFileType = sourcecode.c.h; path = passivegrab_queue.h; sourceTree = "<group>"; };
		5E8F5DE71A9267DB003F969B /* passivegrab_scanengine.c */ = {isa = PBXFileReference; fileEncoding = 4; lastKnownFileType = sourcecode.c.c; path = passivegrab_scanengine.c; sourceTree = "<group>"; };
		5E8F5DE81A9267DB003F969B /* passivegrab_scanengine.h */ = {isa = PBXFileReference; fileEncoding = 4; lastKnownFileType = sourcecode.c.h; path = passivegrab_scanengine.h; sourceTree = "<group>"; };
		5E9295CA1B0907D60049E7D8 /* passivegrab_task.c */ = {isa = PBXFileReference; fileEncoding = 4; lastKnownFileType = sourcecode.c.c; path = passivegrab_task.c; sourceTree = "<group>"; };
		5E9295CB1B0907D60049E7D8 /* passivegrab_task.h */ = {isa = PBXFileReference; fileEncoding = 4; lastKnownFileType = sourcecode.c.h; path = passivegrab_task.h; sourceTree = "<group>"; };
		5E9295E01B0AB6410049E7D8 /* passivegrab_scantarget.c */ = {isa = PBXFileReference; fileEncoding = 4; lastKnownFileType = sourcecode.c.c; path = passivegrab_scantarget.c; sourceTree = "<group>"; };
		5E9295E11B0AB6410049E7D8 /* passivegrab_scantarget.h */ = {isa = PBXFileReference; fileEncoding = 4; lastKnownFileType = sourcecode.c.h; path = passivegrab_scantarget.h; sourceTree = "<group>"; };
/* End PBXFileReference section */

/* Begin PBXFrameworksBuildPhase section */
		5E18C4F41A8D0D9E00FABA56 /* Frameworks */ = {
			isa = PBXFrameworksBuildPhase;
			buildActionMask = 2147483647;
			files = (
			);
			runOnlyForDeploymentPostprocessing = 0;
		};
/* End PBXFrameworksBuildPhase section */

/* Begin PBXGroup section */
		5E18C4EE1A8D0D9E00FABA56 = {
			isa = PBXGroup;
			children = (
				5E18C4F91A8D0D9E00FABA56 /* passivegrab */,
				5E18C4F81A8D0D9E00FABA56 /* Products */,
			);
			sourceTree = "<group>";
		};
		5E18C4F81A8D0D9E00FABA56 /* Products */ = {
			isa = PBXGroup;
			children = (
				5E18C4F71A8D0D9E00FABA56 /* passivegrab */,
			);
			name = Products;
			sourceTree = "<group>";
		};
		5E18C4F91A8D0D9E00FABA56 /* passivegrab */ = {
			isa = PBXGroup;
			children = (
				5E5AEDA41B23DE13001F084D /* teslasock */,
				5E18C4FA1A8D0D9E00FABA56 /* main.c */,
				5E9295CA1B0907D60049E7D8 /* passivegrab_task.c */,
				5E9295CB1B0907D60049E7D8 /* passivegrab_task.h */,
				5E802D3C1B06D936005063AA /* passivegrab_queue.c */,
				5E802D3D1B06D936005063AA /* passivegrab_queue.h */,
				5E8F5DE71A9267DB003F969B /* passivegrab_scanengine.c */,
				5E8F5DE81A9267DB003F969B /* passivegrab_scanengine.h */,
				5E9295E01B0AB6410049E7D8 /* passivegrab_scantarget.c */,
				5E9295E11B0AB6410049E7D8 /* passivegrab_scantarget.h */,
				5E802D1D1B025E92005063AA /* passivegrab_dirutil.c */,
				5E802D1E1B025E92005063AA /* passivegrab_dirutil.h */,
				5E802D201B025EBC005063AA /* strutil.c */,
				5E802D211B025EBC005063AA /* strutil.h */,
				5E18C50A1A8D11D400FABA56 /* passivegrab_plugin.c */,
				5E18C50B1A8D11D400FABA56 /* passivegrab_plugin.h */,
				5E18C50D1A8D11F100FABA56 /* passivegrab_dbutils.c */,
				5E18C50E1A8D11F100FABA56 /* passivegrab_dbutils.h */,
				5E18C5101A8D127A00FABA56 /* passivegrab_parseargs.c */,
				5E18C5111A8D127A00FABA56 /* passivegrab_parseargs.h */,
			);
			path = passivegrab;
			sourceTree = "<group>";
		};
		5E5AEDA41B23DE13001F084D /* teslasock */ = {
			isa = PBXGroup;
			children = (
				5E5AEDA71B23DE13001F084D /* tesla_netutils.c */,
				5E5AEDA81B23DE13001F084D /* tesla_netutils.h */,
				5E5AEDA91B23DE13001F084D /* tesla_tcpsock.c */,
				5E5AEDAA1B23DE13001F084D /* tesla_tcpsock.h */,
				5E5AEDAB1B23DE13001F084D /* tesla_udpsock.c */,
				5E5AEDAC1B23DE13001F084D /* tesla_udpsock.h */,
			);
			path = teslasock;
			sourceTree = "<group>";
		};
/* End PBXGroup section */

/* Begin PBXNativeTarget section */
		5E18C4F61A8D0D9E00FABA56 /* passivegrab */ = {
			isa = PBXNativeTarget;
			buildConfigurationList = 5E18C4FE1A8D0D9E00FABA56 /* Build configuration list for PBXNativeTarget "passivegrab" */;
			buildPhases = (
				5E18C4F31A8D0D9E00FABA56 /* Sources */,
				5E18C4F41A8D0D9E00FABA56 /* Frameworks */,
				5E18C4F51A8D0D9E00FABA56 /* CopyFiles */,
			);
			buildRules = (
			);
			dependencies = (
			);
			name = passivegrab;
			productName = passivegrab;
			productReference = 5E18C4F71A8D0D9E00FABA56 /* passivegrab */;
			productType = "com.apple.product-type.tool";
		};
/* End PBXNativeTarget section */

/* Begin PBXProject section */
		5E18C4EF1A8D0D9E00FABA56 /* Project object */ = {
			isa = PBXProject;
			attributes = {
				LastUpgradeCheck = 0610;
				ORGANIZATIONNAME = Entropy;
				TargetAttributes = {
					5E18C4F61A8D0D9E00FABA56 = {
						CreatedOnToolsVersion = 6.1.1;
					};
				};
			};
			buildConfigurationList = 5E18C4F21A8D0D9E00FABA56 /* Build configuration list for PBXProject "passivegrab" */;
			compatibilityVersion = "Xcode 3.2";
			developmentRegion = English;
			hasScannedForEncodings = 0;
			knownRegions = (
				en,
			);
			mainGroup = 5E18C4EE1A8D0D9E00FABA56;
			productRefGroup = 5E18C4F81A8D0D9E00FABA56 /* Products */;
			projectDirPath = "";
			projectRoot = "";
			targets = (
				5E18C4F61A8D0D9E00FABA56 /* passivegrab */,
			);
		};
/* End PBXProject section */

/* Begin PBXSourcesBuildPhase section */
		5E18C4F31A8D0D9E00FABA56 /* Sources */ = {
			isa = PBXSourcesBuildPhase;
			buildActionMask = 2147483647;
			files = (
				5E9295CC1B0907D60049E7D8 /* passivegrab_task.c in Sources */,
				5E8F5DE91A9267DB003F969B /* passivegrab_scanengine.c in Sources */,
				5E18C50C1A8D11D400FABA56 /* passivegrab_plugin.c in Sources */,
				5E5AEDAF1B23DE13001F084D /* tesla_tcpsock.c in Sources */,
				5E18C50F1A8D11F100FABA56 /* passivegrab_dbutils.c in Sources */,
				5E9295E21B0AB6410049E7D8 /* passivegrab_scantarget.c in Sources */,
				5E5AEDAE1B23DE13001F084D /* tesla_netutils.c in Sources */,
				5E18C4FB1A8D0D9E00FABA56 /* main.c in Sources */,
				5E18C5121A8D127A00FABA56 /* passivegrab_parseargs.c in Sources */,
				5E5AEDB01B23DE13001F084D /* tesla_udpsock.c in Sources */,
				5E802D1F1B025E92005063AA /* passivegrab_dirutil.c in Sources */,
				5E802D3E1B06D936005063AA /* passivegrab_queue.c in Sources */,
				5E802D221B025EBC005063AA /* strutil.c in Sources */,
			);
			runOnlyForDeploymentPostprocessing = 0;
		};
/* End PBXSourcesBuildPhase section */

/* Begin XCBuildConfiguration section */
		5E18C4FC1A8D0D9E00FABA56 /* Debug */ = {
			isa = XCBuildConfiguration;
			buildSettings = {
				ALWAYS_SEARCH_USER_PATHS = NO;
				CLANG_CXX_LANGUAGE_STANDARD = "gnu++0x";
				CLANG_CXX_LIBRARY = "libc++";
				CLANG_ENABLE_MODULES = YES;
				CLANG_ENABLE_OBJC_ARC = YES;
				CLANG_WARN_BOOL_CONVERSION = YES;
				CLANG_WARN_CONSTANT_CONVERSION = YES;
				CLANG_WARN_DIRECT_OBJC_ISA_USAGE = YES_ERROR;
				CLANG_WARN_EMPTY_BODY = YES;
				CLANG_WARN_ENUM_CONVERSION = YES;
				CLANG_WARN_INT_CONVERSION = YES;
				CLANG_WARN_OBJC_ROOT_CLASS = YES_ERROR;
				CLANG_WARN_UNREACHABLE_CODE = YES;
				CLANG_WARN__DUPLICATE_METHOD_MATCH = YES;
				COPY_PHASE_STRIP = NO;
				ENABLE_STRICT_OBJC_MSGSEND = YES;
				GCC_C_LANGUAGE_STANDARD = gnu99;
				GCC_DYNAMIC_NO_PIC = NO;
				GCC_OPTIMIZATION_LEVEL = 0;
				GCC_PREPROCESSOR_DEFINITIONS = (
					"DEBUG=1",
					"$(inherited)",
				);
				GCC_SYMBOLS_PRIVATE_EXTERN = NO;
				GCC_WARN_64_TO_32_BIT_CONVERSION = YES;
				GCC_WARN_ABOUT_RETURN_TYPE = YES_ERROR;
				GCC_WARN_UNDECLARED_SELECTOR = YES;
				GCC_WARN_UNINITIALIZED_AUTOS = YES_AGGRESSIVE;
				GCC_WARN_UNUSED_FUNCTION = YES;
				GCC_WARN_UNUSED_VARIABLE = YES;
				MACOSX_DEPLOYMENT_TARGET = 10.10;
				MTL_ENABLE_DEBUG_INFO = YES;
				ONLY_ACTIVE_ARCH = YES;
				SDKROOT = macosx;
			};
			name = Debug;
		};
		5E18C4FD1A8D0D9E00FABA56 /* Release */ = {
			isa = XCBuildConfiguration;
			buildSettings = {
				ALWAYS_SEARCH_USER_PATHS = NO;
				CLANG_CXX_LANGUAGE_STANDARD = "gnu++0x";
				CLANG_CXX_LIBRARY = "libc++";
				CLANG_ENABLE_MODULES = YES;
				CLANG_ENABLE_OBJC_ARC = YES;
				CLANG_WARN_BOOL_CONVERSION = YES;
				CLANG_WARN_CONSTANT_CONVERSION = YES;
				CLANG_WARN_DIRECT_OBJC_ISA_USAGE = YES_ERROR;
				CLANG_WARN_EMPTY_BODY = YES;
				CLANG_WARN_ENUM_CONVERSION = YES;
				CLANG_WARN_INT_CONVERSION = YES;
				CLANG_WARN_OBJC_ROOT_CLASS = YES_ERROR;
				CLANG_WARN_UNREACHABLE_CODE = YES;
				CLANG_WARN__DUPLICATE_METHOD_MATCH = YES;
				COPY_PHASE_STRIP = YES;
				DEBUG_INFORMATION_FORMAT = "dwarf-with-dsym";
				ENABLE_NS_ASSERTIONS = NO;
				ENABLE_STRICT_OBJC_MSGSEND = YES;
				GCC_C_LANGUAGE_STANDARD = gnu99;
				GCC_WARN_64_TO_32_BIT_CONVERSION = YES;
				GCC_WARN_ABOUT_RETURN_TYPE = YES_ERROR;
				GCC_WARN_UNDECLARED_SELECTOR = YES;
				GCC_WARN_UNINITIALIZED_AUTOS = YES_AGGRESSIVE;
				GCC_WARN_UNUSED_FUNCTION = YES;
				GCC_WARN_UNUSED_VARIABLE = YES;
				MACOSX_DEPLOYMENT_TARGET = 10.10;
				MTL_ENABLE_DEBUG_INFO = NO;
				SDKROOT = macosx;
			};
			name = Release;
		};
		5E18C4FF1A8D0D9E00FABA56 /* Debug */ = {
			isa = XCBuildConfiguration;
			buildSettings = {
				OTHER_LDFLAGS = (
					"-lpthread",
					"-lsqlite3",
				);
				PRODUCT_NAME = "$(TARGET_NAME)";
			};
			name = Debug;
		};
		5E18C5001A8D0D9E00FABA56 /* Release */ = {
			isa = XCBuildConfiguration;
			buildSettings = {
				OTHER_LDFLAGS = (
					"-lpthread",
					"-lsqlite3",
				);
				PRODUCT_NAME = "$(TARGET_NAME)";
			};
			name = Release;
		};
/* End XCBuildConfiguration section */

/* Begin XCConfigurationList section */
		5E18C4F21A8D0D9E00FABA56 /* Build configuration list for PBXProject "passivegrab" */ = {
			isa = XCConfigurationList;
			buildConfigurations = (
				5E18C4FC1A8D0D9E00FABA56 /* Debug */,
				5E18C4FD1A8D0D9E00FABA56 /* Release */,
			);
			defaultConfigurationIsVisible = 0;
			defaultConfigurationName = Release;
		};
		5E18C4FE1A8D0D9E00FABA56 /* Build configuration list for PBXNativeTarget "passivegrab" */ = {
			isa = XCConfigurationList;
			buildConfigurations = (
				5E18C4FF1A8D0D9E00FABA56 /* Debug */,
				5E18C5001A8D0D9E00FABA56 /* Release */,
			);
			defaultConfigurationIsVisible = 0;
			defaultConfigurationName = Release;
		};
/* End XCConfigurationList section */
	};
	rootObject = 5E18C4EF1A8D0D9E00FABA56 /* Project object */;
}
